// !$*UTF8*$!
{
	archiveVersion = 1;
	classes = {
	};
	objectVersion = 55;
	objects = {

/* Begin PBXBuildFile section */
		1A1F54FF289088F50007AF5D /* DetectableKeywords.m in Sources */ = {isa = PBXBuildFile; fileRef = 1A1F54FE289088F50007AF5D /* DetectableKeywords.m */; };
		1A40F7E9288601B700BBAD4F /* LoginViewController.m in Sources */ = {isa = PBXBuildFile; fileRef = 1A40F7E8288601B700BBAD4F /* LoginViewController.m */; };
		1A42BB1F28889FA9003ACC4D /* CategoryCell.m in Sources */ = {isa = PBXBuildFile; fileRef = 1A42BB1E28889FA9003ACC4D /* CategoryCell.m */; };
		1A42BB222888A0C2003ACC4D /* CategoryModalViewController.m in Sources */ = {isa = PBXBuildFile; fileRef = 1A42BB212888A0C2003ACC4D /* CategoryModalViewController.m */; };
		1A5AAE662888AB9B0080FB4A /* CategoryObject.m in Sources */ = {isa = PBXBuildFile; fileRef = 1A5AAE652888AB9B0080FB4A /* CategoryObject.m */; };
		1A8D46872878E91800489744 /* AppDelegate.m in Sources */ = {isa = PBXBuildFile; fileRef = 1A8D46862878E91800489744 /* AppDelegate.m */; };
		1A8D468A2878E91800489744 /* SceneDelegate.m in Sources */ = {isa = PBXBuildFile; fileRef = 1A8D46892878E91800489744 /* SceneDelegate.m */; };
		1A8D46902878E91800489744 /* Main.storyboard in Resources */ = {isa = PBXBuildFile; fileRef = 1A8D468E2878E91800489744 /* Main.storyboard */; };
		1A8D46922878E91800489744 /* Assets.xcassets in Resources */ = {isa = PBXBuildFile; fileRef = 1A8D46912878E91800489744 /* Assets.xcassets */; };
		1A8D46952878E91800489744 /* LaunchScreen.storyboard in Resources */ = {isa = PBXBuildFile; fileRef = 1A8D46932878E91800489744 /* LaunchScreen.storyboard */; };
		1A8D46982878E91800489744 /* main.m in Sources */ = {isa = PBXBuildFile; fileRef = 1A8D46972878E91800489744 /* main.m */; };
		1A8D46A22878E91900489744 /* CentralityiOSTests.m in Sources */ = {isa = PBXBuildFile; fileRef = 1A8D46A12878E91900489744 /* CentralityiOSTests.m */; };
		1A8D46AC2878E91900489744 /* CentralityiOSUITests.m in Sources */ = {isa = PBXBuildFile; fileRef = 1A8D46AB2878E91900489744 /* CentralityiOSUITests.m */; };
		1A8D46AE2878E91900489744 /* CentralityiOSUITestsLaunchTests.m in Sources */ = {isa = PBXBuildFile; fileRef = 1A8D46AD2878E91900489744 /* CentralityiOSUITestsLaunchTests.m */; };
		1A8D46BB2878E92B00489744 /* Keys.plist in Resources */ = {isa = PBXBuildFile; fileRef = 1A8D46BA2878E92B00489744 /* Keys.plist */; };
		1A8D46BE287C88BB00489744 /* TaskObject.m in Sources */ = {isa = PBXBuildFile; fileRef = 1A8D46BD287C88BB00489744 /* TaskObject.m */; };
		1A8D46C4287CC95F00489744 /* TaskCell.m in Sources */ = {isa = PBXBuildFile; fileRef = 1A8D46C3287CC95F00489744 /* TaskCell.m */; };
		1A8D46C7287CC9B200489744 /* ToDoFeedViewController.m in Sources */ = {isa = PBXBuildFile; fileRef = 1A8D46C6287CC9B200489744 /* ToDoFeedViewController.m */; };
		1A8DC3362891DBAE00123E1F /* UserCell.m in Sources */ = {isa = PBXBuildFile; fileRef = 1A8DC3352891DBAE00123E1F /* UserCell.m */; };
		1A8DC3392891DC5C00123E1F /* ShareModalViewController.m in Sources */ = {isa = PBXBuildFile; fileRef = 1A8DC3382891DC5C00123E1F /* ShareModalViewController.m */; };
		1A9665302889CB36008C83B5 /* DueDateModalViewController.m in Sources */ = {isa = PBXBuildFile; fileRef = 1A96652F2889CB36008C83B5 /* DueDateModalViewController.m */; };
		1AFCB4C6288A173F00E4187E /* ModifyTaskModalViewController.m in Sources */ = {isa = PBXBuildFile; fileRef = 1AFCB4C5288A173F00E4187E /* ModifyTaskModalViewController.m */; };
		1AFCB4C9288B5D8F00E4187E /* DateFormatHelper.m in Sources */ = {isa = PBXBuildFile; fileRef = 1AFCB4C8288B5D8F00E4187E /* DateFormatHelper.m */; };
		30EA6E6435DEE09DEF490E99 /* Pods_CentralityiOS_CentralityiOSUITests.framework in Frameworks */ = {isa = PBXBuildFile; fileRef = FF245DE8D2EC065EFAE3F006 /* Pods_CentralityiOS_CentralityiOSUITests.framework */; };
		AA479B7522A11FCCD9B30CEC /* Pods_CentralityiOSTests.framework in Frameworks */ = {isa = PBXBuildFile; fileRef = ECDFDD169A32BC9603FC1206 /* Pods_CentralityiOSTests.framework */; };
		F46B5574DE61EC97B123E767 /* Pods_CentralityiOS.framework in Frameworks */ = {isa = PBXBuildFile; fileRef = 85CDD14683CBAF239C832798 /* Pods_CentralityiOS.framework */; };
/* End PBXBuildFile section */

/* Begin PBXContainerItemProxy section */
		1A8D469E2878E91900489744 /* PBXContainerItemProxy */ = {
			isa = PBXContainerItemProxy;
			containerPortal = 1A8D467A2878E91800489744 /* Project object */;
			proxyType = 1;
			remoteGlobalIDString = 1A8D46812878E91800489744;
			remoteInfo = CentralityiOS;
		};
		1A8D46A82878E91900489744 /* PBXContainerItemProxy */ = {
			isa = PBXContainerItemProxy;
			containerPortal = 1A8D467A2878E91800489744 /* Project object */;
			proxyType = 1;
			remoteGlobalIDString = 1A8D46812878E91800489744;
			remoteInfo = CentralityiOS;
		};
/* End PBXContainerItemProxy section */

/* Begin PBXFileReference section */
		1A1F54FD289088F50007AF5D /* DetectableKeywords.h */ = {isa = PBXFileReference; lastKnownFileType = sourcecode.c.h; path = DetectableKeywords.h; sourceTree = "<group>"; };
		1A1F54FE289088F50007AF5D /* DetectableKeywords.m */ = {isa = PBXFileReference; lastKnownFileType = sourcecode.c.objc; path = DetectableKeywords.m; sourceTree = "<group>"; };
		1A40F7E7288601B700BBAD4F /* LoginViewController.h */ = {isa = PBXFileReference; lastKnownFileType = sourcecode.c.h; path = LoginViewController.h; sourceTree = "<group>"; };
		1A40F7E8288601B700BBAD4F /* LoginViewController.m */ = {isa = PBXFileReference; lastKnownFileType = sourcecode.c.objc; path = LoginViewController.m; sourceTree = "<group>"; };
		1A42BB1D28889FA9003ACC4D /* CategoryCell.h */ = {isa = PBXFileReference; lastKnownFileType = sourcecode.c.h; path = CategoryCell.h; sourceTree = "<group>"; };
		1A42BB1E28889FA9003ACC4D /* CategoryCell.m */ = {isa = PBXFileReference; lastKnownFileType = sourcecode.c.objc; path = CategoryCell.m; sourceTree = "<group>"; };
		1A42BB202888A0C2003ACC4D /* CategoryModalViewController.h */ = {isa = PBXFileReference; lastKnownFileType = sourcecode.c.h; path = CategoryModalViewController.h; sourceTree = "<group>"; };
		1A42BB212888A0C2003ACC4D /* CategoryModalViewController.m */ = {isa = PBXFileReference; lastKnownFileType = sourcecode.c.objc; path = CategoryModalViewController.m; sourceTree = "<group>"; };
		1A5AAE642888AB9B0080FB4A /* CategoryObject.h */ = {isa = PBXFileReference; lastKnownFileType = sourcecode.c.h; path = CategoryObject.h; sourceTree = "<group>"; };
		1A5AAE652888AB9B0080FB4A /* CategoryObject.m */ = {isa = PBXFileReference; lastKnownFileType = sourcecode.c.objc; path = CategoryObject.m; sourceTree = "<group>"; };
		1A8D46822878E91800489744 /* CentralityiOS.app */ = {isa = PBXFileReference; explicitFileType = wrapper.application; includeInIndex = 0; path = CentralityiOS.app; sourceTree = BUILT_PRODUCTS_DIR; };
		1A8D46852878E91800489744 /* AppDelegate.h */ = {isa = PBXFileReference; lastKnownFileType = sourcecode.c.h; path = AppDelegate.h; sourceTree = "<group>"; };
		1A8D46862878E91800489744 /* AppDelegate.m */ = {isa = PBXFileReference; lastKnownFileType = sourcecode.c.objc; path = AppDelegate.m; sourceTree = "<group>"; };
		1A8D46882878E91800489744 /* SceneDelegate.h */ = {isa = PBXFileReference; lastKnownFileType = sourcecode.c.h; path = SceneDelegate.h; sourceTree = "<group>"; };
		1A8D46892878E91800489744 /* SceneDelegate.m */ = {isa = PBXFileReference; lastKnownFileType = sourcecode.c.objc; path = SceneDelegate.m; sourceTree = "<group>"; };
		1A8D468F2878E91800489744 /* Base */ = {isa = PBXFileReference; lastKnownFileType = file.storyboard; name = Base; path = Base.lproj/Main.storyboard; sourceTree = "<group>"; };
		1A8D46912878E91800489744 /* Assets.xcassets */ = {isa = PBXFileReference; lastKnownFileType = folder.assetcatalog; path = Assets.xcassets; sourceTree = "<group>"; };
		1A8D46942878E91800489744 /* Base */ = {isa = PBXFileReference; lastKnownFileType = file.storyboard; name = Base; path = Base.lproj/LaunchScreen.storyboard; sourceTree = "<group>"; };
		1A8D46962878E91800489744 /* Info.plist */ = {isa = PBXFileReference; lastKnownFileType = text.plist.xml; path = Info.plist; sourceTree = "<group>"; };
		1A8D46972878E91800489744 /* main.m */ = {isa = PBXFileReference; lastKnownFileType = sourcecode.c.objc; path = main.m; sourceTree = "<group>"; };
		1A8D469D2878E91900489744 /* CentralityiOSTests.xctest */ = {isa = PBXFileReference; explicitFileType = wrapper.cfbundle; includeInIndex = 0; path = CentralityiOSTests.xctest; sourceTree = BUILT_PRODUCTS_DIR; };
		1A8D46A12878E91900489744 /* CentralityiOSTests.m */ = {isa = PBXFileReference; lastKnownFileType = sourcecode.c.objc; path = CentralityiOSTests.m; sourceTree = "<group>"; };
		1A8D46A72878E91900489744 /* CentralityiOSUITests.xctest */ = {isa = PBXFileReference; explicitFileType = wrapper.cfbundle; includeInIndex = 0; path = CentralityiOSUITests.xctest; sourceTree = BUILT_PRODUCTS_DIR; };
		1A8D46AB2878E91900489744 /* CentralityiOSUITests.m */ = {isa = PBXFileReference; lastKnownFileType = sourcecode.c.objc; path = CentralityiOSUITests.m; sourceTree = "<group>"; };
		1A8D46AD2878E91900489744 /* CentralityiOSUITestsLaunchTests.m */ = {isa = PBXFileReference; lastKnownFileType = sourcecode.c.objc; path = CentralityiOSUITestsLaunchTests.m; sourceTree = "<group>"; };
		1A8D46BA2878E92B00489744 /* Keys.plist */ = {isa = PBXFileReference; lastKnownFileType = text.plist.xml; path = Keys.plist; sourceTree = "<group>"; };
		1A8D46BC287C88BB00489744 /* TaskObject.h */ = {isa = PBXFileReference; lastKnownFileType = sourcecode.c.h; path = TaskObject.h; sourceTree = "<group>"; };
		1A8D46BD287C88BB00489744 /* TaskObject.m */ = {isa = PBXFileReference; lastKnownFileType = sourcecode.c.objc; path = TaskObject.m; sourceTree = "<group>"; };
		1A8D46C2287CC95F00489744 /* TaskCell.h */ = {isa = PBXFileReference; lastKnownFileType = sourcecode.c.h; path = TaskCell.h; sourceTree = "<group>"; };
		1A8D46C3287CC95F00489744 /* TaskCell.m */ = {isa = PBXFileReference; lastKnownFileType = sourcecode.c.objc; path = TaskCell.m; sourceTree = "<group>"; };
		1A8D46C5287CC9B200489744 /* ToDoFeedViewController.h */ = {isa = PBXFileReference; lastKnownFileType = sourcecode.c.h; path = ToDoFeedViewController.h; sourceTree = "<group>"; };
		1A8D46C6287CC9B200489744 /* ToDoFeedViewController.m */ = {isa = PBXFileReference; lastKnownFileType = sourcecode.c.objc; path = ToDoFeedViewController.m; sourceTree = "<group>"; };
		1A8DC3342891DBAE00123E1F /* UserCell.h */ = {isa = PBXFileReference; lastKnownFileType = sourcecode.c.h; path = UserCell.h; sourceTree = "<group>"; };
		1A8DC3352891DBAE00123E1F /* UserCell.m */ = {isa = PBXFileReference; lastKnownFileType = sourcecode.c.objc; path = UserCell.m; sourceTree = "<group>"; };
		1A8DC3372891DC5C00123E1F /* ShareModalViewController.h */ = {isa = PBXFileReference; lastKnownFileType = sourcecode.c.h; path = ShareModalViewController.h; sourceTree = "<group>"; };
		1A8DC3382891DC5C00123E1F /* ShareModalViewController.m */ = {isa = PBXFileReference; lastKnownFileType = sourcecode.c.objc; path = ShareModalViewController.m; sourceTree = "<group>"; };
		1A96652E2889CB36008C83B5 /* DueDateModalViewController.h */ = {isa = PBXFileReference; lastKnownFileType = sourcecode.c.h; path = DueDateModalViewController.h; sourceTree = "<group>"; };
		1A96652F2889CB36008C83B5 /* DueDateModalViewController.m */ = {isa = PBXFileReference; lastKnownFileType = sourcecode.c.objc; path = DueDateModalViewController.m; sourceTree = "<group>"; };
		1AFCB4C4288A173F00E4187E /* ModifyTaskModalViewController.h */ = {isa = PBXFileReference; lastKnownFileType = sourcecode.c.h; path = ModifyTaskModalViewController.h; sourceTree = "<group>"; };
		1AFCB4C5288A173F00E4187E /* ModifyTaskModalViewController.m */ = {isa = PBXFileReference; lastKnownFileType = sourcecode.c.objc; path = ModifyTaskModalViewController.m; sourceTree = "<group>"; };
		1AFCB4C7288B5D8F00E4187E /* DateFormatHelper.h */ = {isa = PBXFileReference; lastKnownFileType = sourcecode.c.h; path = DateFormatHelper.h; sourceTree = "<group>"; };
		1AFCB4C8288B5D8F00E4187E /* DateFormatHelper.m */ = {isa = PBXFileReference; lastKnownFileType = sourcecode.c.objc; path = DateFormatHelper.m; sourceTree = "<group>"; };
		1E1D11AFD2CAEFE0731C32FB /* Pods-CentralityiOS.release.xcconfig */ = {isa = PBXFileReference; includeInIndex = 1; lastKnownFileType = text.xcconfig; name = "Pods-CentralityiOS.release.xcconfig"; path = "Target Support Files/Pods-CentralityiOS/Pods-CentralityiOS.release.xcconfig"; sourceTree = "<group>"; };
		2BE402B7C32C57514C40319B /* Pods-CentralityiOSTests.debug.xcconfig */ = {isa = PBXFileReference; includeInIndex = 1; lastKnownFileType = text.xcconfig; name = "Pods-CentralityiOSTests.debug.xcconfig"; path = "Target Support Files/Pods-CentralityiOSTests/Pods-CentralityiOSTests.debug.xcconfig"; sourceTree = "<group>"; };
		3C25DB8CBDDC3A25EBFB90A0 /* Pods-CentralityiOS-CentralityiOSUITests.release.xcconfig */ = {isa = PBXFileReference; includeInIndex = 1; lastKnownFileType = text.xcconfig; name = "Pods-CentralityiOS-CentralityiOSUITests.release.xcconfig"; path = "Target Support Files/Pods-CentralityiOS-CentralityiOSUITests/Pods-CentralityiOS-CentralityiOSUITests.release.xcconfig"; sourceTree = "<group>"; };
		815F3E16A7414E273BC00AE1 /* Pods-CentralityiOS.debug.xcconfig */ = {isa = PBXFileReference; includeInIndex = 1; lastKnownFileType = text.xcconfig; name = "Pods-CentralityiOS.debug.xcconfig"; path = "Target Support Files/Pods-CentralityiOS/Pods-CentralityiOS.debug.xcconfig"; sourceTree = "<group>"; };
		85CDD14683CBAF239C832798 /* Pods_CentralityiOS.framework */ = {isa = PBXFileReference; explicitFileType = wrapper.framework; includeInIndex = 0; path = Pods_CentralityiOS.framework; sourceTree = BUILT_PRODUCTS_DIR; };
		C1498007115B99EE44E6E2DD /* Pods-CentralityiOS-CentralityiOSUITests.debug.xcconfig */ = {isa = PBXFileReference; includeInIndex = 1; lastKnownFileType = text.xcconfig; name = "Pods-CentralityiOS-CentralityiOSUITests.debug.xcconfig"; path = "Target Support Files/Pods-CentralityiOS-CentralityiOSUITests/Pods-CentralityiOS-CentralityiOSUITests.debug.xcconfig"; sourceTree = "<group>"; };
		ECDFDD169A32BC9603FC1206 /* Pods_CentralityiOSTests.framework */ = {isa = PBXFileReference; explicitFileType = wrapper.framework; includeInIndex = 0; path = Pods_CentralityiOSTests.framework; sourceTree = BUILT_PRODUCTS_DIR; };
		ED8B5B6FF1224F7EFE7C407C /* Pods-CentralityiOSTests.release.xcconfig */ = {isa = PBXFileReference; includeInIndex = 1; lastKnownFileType = text.xcconfig; name = "Pods-CentralityiOSTests.release.xcconfig"; path = "Target Support Files/Pods-CentralityiOSTests/Pods-CentralityiOSTests.release.xcconfig"; sourceTree = "<group>"; };
		FF245DE8D2EC065EFAE3F006 /* Pods_CentralityiOS_CentralityiOSUITests.framework */ = {isa = PBXFileReference; explicitFileType = wrapper.framework; includeInIndex = 0; path = Pods_CentralityiOS_CentralityiOSUITests.framework; sourceTree = BUILT_PRODUCTS_DIR; };
/* End PBXFileReference section */

/* Begin PBXFrameworksBuildPhase section */
		1A8D467F2878E91800489744 /* Frameworks */ = {
			isa = PBXFrameworksBuildPhase;
			buildActionMask = 2147483647;
			files = (
				F46B5574DE61EC97B123E767 /* Pods_CentralityiOS.framework in Frameworks */,
			);
			runOnlyForDeploymentPostprocessing = 0;
		};
		1A8D469A2878E91900489744 /* Frameworks */ = {
			isa = PBXFrameworksBuildPhase;
			buildActionMask = 2147483647;
			files = (
				AA479B7522A11FCCD9B30CEC /* Pods_CentralityiOSTests.framework in Frameworks */,
			);
			runOnlyForDeploymentPostprocessing = 0;
		};
		1A8D46A42878E91900489744 /* Frameworks */ = {
			isa = PBXFrameworksBuildPhase;
			buildActionMask = 2147483647;
			files = (
				30EA6E6435DEE09DEF490E99 /* Pods_CentralityiOS_CentralityiOSUITests.framework in Frameworks */,
			);
			runOnlyForDeploymentPostprocessing = 0;
		};
/* End PBXFrameworksBuildPhase section */

/* Begin PBXGroup section */
		1A443D7F528E211B040190D6 /* Pods */ = {
			isa = PBXGroup;
			children = (
				815F3E16A7414E273BC00AE1 /* Pods-CentralityiOS.debug.xcconfig */,
				1E1D11AFD2CAEFE0731C32FB /* Pods-CentralityiOS.release.xcconfig */,
				C1498007115B99EE44E6E2DD /* Pods-CentralityiOS-CentralityiOSUITests.debug.xcconfig */,
				3C25DB8CBDDC3A25EBFB90A0 /* Pods-CentralityiOS-CentralityiOSUITests.release.xcconfig */,
				2BE402B7C32C57514C40319B /* Pods-CentralityiOSTests.debug.xcconfig */,
				ED8B5B6FF1224F7EFE7C407C /* Pods-CentralityiOSTests.release.xcconfig */,
			);
			path = Pods;
			sourceTree = "<group>";
		};
		1A8D46792878E91800489744 = {
			isa = PBXGroup;
			children = (
				1A8D46842878E91800489744 /* CentralityiOS */,
				1A8D46A02878E91900489744 /* CentralityiOSTests */,
				1A8D46AA2878E91900489744 /* CentralityiOSUITests */,
				1A8D46832878E91800489744 /* Products */,
				1A443D7F528E211B040190D6 /* Pods */,
				93737D052992B8C40B7F9464 /* Frameworks */,
			);
			sourceTree = "<group>";
		};
		1A8D46832878E91800489744 /* Products */ = {
			isa = PBXGroup;
			children = (
				1A8D46822878E91800489744 /* CentralityiOS.app */,
				1A8D469D2878E91900489744 /* CentralityiOSTests.xctest */,
				1A8D46A72878E91900489744 /* CentralityiOSUITests.xctest */,
			);
			name = Products;
			sourceTree = "<group>";
		};
		1A8D46842878E91800489744 /* CentralityiOS */ = {
			isa = PBXGroup;
			children = (
				1A8D46CD2880961E00489744 /* ViewControllers */,
				1A8D46CC2880961600489744 /* Views */,
				1A8D46CB2880960E00489744 /* Models */,
				1A8D46852878E91800489744 /* AppDelegate.h */,
				1A8D46862878E91800489744 /* AppDelegate.m */,
				1A8D46882878E91800489744 /* SceneDelegate.h */,
				1A8D46892878E91800489744 /* SceneDelegate.m */,
				1A8D468E2878E91800489744 /* Main.storyboard */,
				1A8D46912878E91800489744 /* Assets.xcassets */,
				1A8D46932878E91800489744 /* LaunchScreen.storyboard */,
				1A8D46962878E91800489744 /* Info.plist */,
				1A8D46972878E91800489744 /* main.m */,
				1A8D46BA2878E92B00489744 /* Keys.plist */,
			);
			path = CentralityiOS;
			sourceTree = "<group>";
		};
		1A8D46A02878E91900489744 /* CentralityiOSTests */ = {
			isa = PBXGroup;
			children = (
				1A8D46A12878E91900489744 /* CentralityiOSTests.m */,
			);
			path = CentralityiOSTests;
			sourceTree = "<group>";
		};
		1A8D46AA2878E91900489744 /* CentralityiOSUITests */ = {
			isa = PBXGroup;
			children = (
				1A8D46AB2878E91900489744 /* CentralityiOSUITests.m */,
				1A8D46AD2878E91900489744 /* CentralityiOSUITestsLaunchTests.m */,
			);
			path = CentralityiOSUITests;
			sourceTree = "<group>";
		};
		1A8D46CB2880960E00489744 /* Models */ = {
			isa = PBXGroup;
			children = (
				1A8D46BC287C88BB00489744 /* TaskObject.h */,
				1A8D46BD287C88BB00489744 /* TaskObject.m */,
				1A5AAE642888AB9B0080FB4A /* CategoryObject.h */,
				1A5AAE652888AB9B0080FB4A /* CategoryObject.m */,
			);
			name = Models;
			path = ..;
			sourceTree = "<group>";
		};
		1A8D46CC2880961600489744 /* Views */ = {
			isa = PBXGroup;
			children = (
				1A8D46C2287CC95F00489744 /* TaskCell.h */,
				1A8D46C3287CC95F00489744 /* TaskCell.m */,
				1A42BB1D28889FA9003ACC4D /* CategoryCell.h */,
				1A42BB1E28889FA9003ACC4D /* CategoryCell.m */,
				1A8DC3342891DBAE00123E1F /* UserCell.h */,
				1A8DC3352891DBAE00123E1F /* UserCell.m */,
			);
			path = Views;
			sourceTree = "<group>";
		};
		1A8D46CD2880961E00489744 /* ViewControllers */ = {
			isa = PBXGroup;
			children = (
				1A8D46C5287CC9B200489744 /* ToDoFeedViewController.h */,
				1A8D46C6287CC9B200489744 /* ToDoFeedViewController.m */,
				1A40F7E7288601B700BBAD4F /* LoginViewController.h */,
				1A40F7E8288601B700BBAD4F /* LoginViewController.m */,
				1A42BB202888A0C2003ACC4D /* CategoryModalViewController.h */,
				1A42BB212888A0C2003ACC4D /* CategoryModalViewController.m */,
				1A96652E2889CB36008C83B5 /* DueDateModalViewController.h */,
				1A96652F2889CB36008C83B5 /* DueDateModalViewController.m */,
				1AFCB4C4288A173F00E4187E /* ModifyTaskModalViewController.h */,
				1AFCB4C5288A173F00E4187E /* ModifyTaskModalViewController.m */,
				1AFCB4C7288B5D8F00E4187E /* DateFormatHelper.h */,
				1AFCB4C8288B5D8F00E4187E /* DateFormatHelper.m */,
				1A1F54FD289088F50007AF5D /* DetectableKeywords.h */,
				1A1F54FE289088F50007AF5D /* DetectableKeywords.m */,
				1A8DC3372891DC5C00123E1F /* ShareModalViewController.h */,
				1A8DC3382891DC5C00123E1F /* ShareModalViewController.m */,
			);
			path = ViewControllers;
			sourceTree = "<group>";
		};
		93737D052992B8C40B7F9464 /* Frameworks */ = {
			isa = PBXGroup;
			children = (
				85CDD14683CBAF239C832798 /* Pods_CentralityiOS.framework */,
				FF245DE8D2EC065EFAE3F006 /* Pods_CentralityiOS_CentralityiOSUITests.framework */,
				ECDFDD169A32BC9603FC1206 /* Pods_CentralityiOSTests.framework */,
			);
			name = Frameworks;
			sourceTree = "<group>";
		};
/* End PBXGroup section */

/* Begin PBXNativeTarget section */
		1A8D46812878E91800489744 /* CentralityiOS */ = {
			isa = PBXNativeTarget;
			buildConfigurationList = 1A8D46B12878E91900489744 /* Build configuration list for PBXNativeTarget "CentralityiOS" */;
			buildPhases = (
				465B56D9492C8721CD692121 /* [CP] Check Pods Manifest.lock */,
				1A8D467E2878E91800489744 /* Sources */,
				1A8D467F2878E91800489744 /* Frameworks */,
				1A8D46802878E91800489744 /* Resources */,
				4CD2ABC2B46BEB709AA53156 /* [CP] Embed Pods Frameworks */,
			);
			buildRules = (
			);
			dependencies = (
			);
			name = CentralityiOS;
			productName = CentralityiOS;
			productReference = 1A8D46822878E91800489744 /* CentralityiOS.app */;
			productType = "com.apple.product-type.application";
		};
		1A8D469C2878E91900489744 /* CentralityiOSTests */ = {
			isa = PBXNativeTarget;
			buildConfigurationList = 1A8D46B42878E91900489744 /* Build configuration list for PBXNativeTarget "CentralityiOSTests" */;
			buildPhases = (
				92CA0A962BFA6CF777E45409 /* [CP] Check Pods Manifest.lock */,
				1A8D46992878E91900489744 /* Sources */,
				1A8D469A2878E91900489744 /* Frameworks */,
				1A8D469B2878E91900489744 /* Resources */,
			);
			buildRules = (
			);
			dependencies = (
				1A8D469F2878E91900489744 /* PBXTargetDependency */,
			);
			name = CentralityiOSTests;
			productName = CentralityiOSTests;
			productReference = 1A8D469D2878E91900489744 /* CentralityiOSTests.xctest */;
			productType = "com.apple.product-type.bundle.unit-test";
		};
		1A8D46A62878E91900489744 /* CentralityiOSUITests */ = {
			isa = PBXNativeTarget;
			buildConfigurationList = 1A8D46B72878E91900489744 /* Build configuration list for PBXNativeTarget "CentralityiOSUITests" */;
			buildPhases = (
				BC6D18E1A4F4678669093174 /* [CP] Check Pods Manifest.lock */,
				1A8D46A32878E91900489744 /* Sources */,
				1A8D46A42878E91900489744 /* Frameworks */,
				1A8D46A52878E91900489744 /* Resources */,
				0F9F34B04CF5A0B1AFA94BE9 /* [CP] Embed Pods Frameworks */,
			);
			buildRules = (
			);
			dependencies = (
				1A8D46A92878E91900489744 /* PBXTargetDependency */,
			);
			name = CentralityiOSUITests;
			productName = CentralityiOSUITests;
			productReference = 1A8D46A72878E91900489744 /* CentralityiOSUITests.xctest */;
			productType = "com.apple.product-type.bundle.ui-testing";
		};
/* End PBXNativeTarget section */

/* Begin PBXProject section */
		1A8D467A2878E91800489744 /* Project object */ = {
			isa = PBXProject;
			attributes = {
				BuildIndependentTargetsInParallel = 1;
				LastUpgradeCheck = 1340;
				TargetAttributes = {
					1A8D46812878E91800489744 = {
						CreatedOnToolsVersion = 13.4.1;
					};
					1A8D469C2878E91900489744 = {
						CreatedOnToolsVersion = 13.4.1;
						TestTargetID = 1A8D46812878E91800489744;
					};
					1A8D46A62878E91900489744 = {
						CreatedOnToolsVersion = 13.4.1;
						TestTargetID = 1A8D46812878E91800489744;
					};
				};
			};
			buildConfigurationList = 1A8D467D2878E91800489744 /* Build configuration list for PBXProject "CentralityiOS" */;
			compatibilityVersion = "Xcode 13.0";
			developmentRegion = en;
			hasScannedForEncodings = 0;
			knownRegions = (
				en,
				Base,
			);
			mainGroup = 1A8D46792878E91800489744;
			productRefGroup = 1A8D46832878E91800489744 /* Products */;
			projectDirPath = "";
			projectRoot = "";
			targets = (
				1A8D46812878E91800489744 /* CentralityiOS */,
				1A8D469C2878E91900489744 /* CentralityiOSTests */,
				1A8D46A62878E91900489744 /* CentralityiOSUITests */,
			);
		};
/* End PBXProject section */

/* Begin PBXResourcesBuildPhase section */
		1A8D46802878E91800489744 /* Resources */ = {
			isa = PBXResourcesBuildPhase;
			buildActionMask = 2147483647;
			files = (
				1A8D46BB2878E92B00489744 /* Keys.plist in Resources */,
				1A8D46952878E91800489744 /* LaunchScreen.storyboard in Resources */,
				1A8D46922878E91800489744 /* Assets.xcassets in Resources */,
				1A8D46902878E91800489744 /* Main.storyboard in Resources */,
			);
			runOnlyForDeploymentPostprocessing = 0;
		};
		1A8D469B2878E91900489744 /* Resources */ = {
			isa = PBXResourcesBuildPhase;
			buildActionMask = 2147483647;
			files = (
			);
			runOnlyForDeploymentPostprocessing = 0;
		};
		1A8D46A52878E91900489744 /* Resources */ = {
			isa = PBXResourcesBuildPhase;
			buildActionMask = 2147483647;
			files = (
			);
			runOnlyForDeploymentPostprocessing = 0;
		};
/* End PBXResourcesBuildPhase section */

/* Begin PBXShellScriptBuildPhase section */
		0F9F34B04CF5A0B1AFA94BE9 /* [CP] Embed Pods Frameworks */ = {
			isa = PBXShellScriptBuildPhase;
			buildActionMask = 2147483647;
			files = (
			);
			inputFileListPaths = (
				"${PODS_ROOT}/Target Support Files/Pods-CentralityiOS-CentralityiOSUITests/Pods-CentralityiOS-CentralityiOSUITests-frameworks-${CONFIGURATION}-input-files.xcfilelist",
			);
			name = "[CP] Embed Pods Frameworks";
			outputFileListPaths = (
				"${PODS_ROOT}/Target Support Files/Pods-CentralityiOS-CentralityiOSUITests/Pods-CentralityiOS-CentralityiOSUITests-frameworks-${CONFIGURATION}-output-files.xcfilelist",
			);
			runOnlyForDeploymentPostprocessing = 0;
			shellPath = /bin/sh;
			shellScript = "\"${PODS_ROOT}/Target Support Files/Pods-CentralityiOS-CentralityiOSUITests/Pods-CentralityiOS-CentralityiOSUITests-frameworks.sh\"\n";
			showEnvVarsInLog = 0;
		};
		465B56D9492C8721CD692121 /* [CP] Check Pods Manifest.lock */ = {
			isa = PBXShellScriptBuildPhase;
			buildActionMask = 2147483647;
			files = (
			);
			inputFileListPaths = (
			);
			inputPaths = (
				"${PODS_PODFILE_DIR_PATH}/Podfile.lock",
				"${PODS_ROOT}/Manifest.lock",
			);
			name = "[CP] Check Pods Manifest.lock";
			outputFileListPaths = (
			);
			outputPaths = (
				"$(DERIVED_FILE_DIR)/Pods-CentralityiOS-checkManifestLockResult.txt",
			);
			runOnlyForDeploymentPostprocessing = 0;
			shellPath = /bin/sh;
			shellScript = "diff \"${PODS_PODFILE_DIR_PATH}/Podfile.lock\" \"${PODS_ROOT}/Manifest.lock\" > /dev/null\nif [ $? != 0 ] ; then\n    # print error to STDERR\n    echo \"error: The sandbox is not in sync with the Podfile.lock. Run 'pod install' or update your CocoaPods installation.\" >&2\n    exit 1\nfi\n# This output is used by Xcode 'outputs' to avoid re-running this script phase.\necho \"SUCCESS\" > \"${SCRIPT_OUTPUT_FILE_0}\"\n";
			showEnvVarsInLog = 0;
		};
		4CD2ABC2B46BEB709AA53156 /* [CP] Embed Pods Frameworks */ = {
			isa = PBXShellScriptBuildPhase;
			buildActionMask = 2147483647;
			files = (
			);
			inputFileListPaths = (
				"${PODS_ROOT}/Target Support Files/Pods-CentralityiOS/Pods-CentralityiOS-frameworks-${CONFIGURATION}-input-files.xcfilelist",
			);
			name = "[CP] Embed Pods Frameworks";
			outputFileListPaths = (
				"${PODS_ROOT}/Target Support Files/Pods-CentralityiOS/Pods-CentralityiOS-frameworks-${CONFIGURATION}-output-files.xcfilelist",
			);
			runOnlyForDeploymentPostprocessing = 0;
			shellPath = /bin/sh;
			shellScript = "\"${PODS_ROOT}/Target Support Files/Pods-CentralityiOS/Pods-CentralityiOS-frameworks.sh\"\n";
			showEnvVarsInLog = 0;
		};
		92CA0A962BFA6CF777E45409 /* [CP] Check Pods Manifest.lock */ = {
			isa = PBXShellScriptBuildPhase;
			buildActionMask = 2147483647;
			files = (
			);
			inputFileListPaths = (
			);
			inputPaths = (
				"${PODS_PODFILE_DIR_PATH}/Podfile.lock",
				"${PODS_ROOT}/Manifest.lock",
			);
			name = "[CP] Check Pods Manifest.lock";
			outputFileListPaths = (
			);
			outputPaths = (
				"$(DERIVED_FILE_DIR)/Pods-CentralityiOSTests-checkManifestLockResult.txt",
			);
			runOnlyForDeploymentPostprocessing = 0;
			shellPath = /bin/sh;
			shellScript = "diff \"${PODS_PODFILE_DIR_PATH}/Podfile.lock\" \"${PODS_ROOT}/Manifest.lock\" > /dev/null\nif [ $? != 0 ] ; then\n    # print error to STDERR\n    echo \"error: The sandbox is not in sync with the Podfile.lock. Run 'pod install' or update your CocoaPods installation.\" >&2\n    exit 1\nfi\n# This output is used by Xcode 'outputs' to avoid re-running this script phase.\necho \"SUCCESS\" > \"${SCRIPT_OUTPUT_FILE_0}\"\n";
			showEnvVarsInLog = 0;
		};
		BC6D18E1A4F4678669093174 /* [CP] Check Pods Manifest.lock */ = {
			isa = PBXShellScriptBuildPhase;
			buildActionMask = 2147483647;
			files = (
			);
			inputFileListPaths = (
			);
			inputPaths = (
				"${PODS_PODFILE_DIR_PATH}/Podfile.lock",
				"${PODS_ROOT}/Manifest.lock",
			);
			name = "[CP] Check Pods Manifest.lock";
			outputFileListPaths = (
			);
			outputPaths = (
				"$(DERIVED_FILE_DIR)/Pods-CentralityiOS-CentralityiOSUITests-checkManifestLockResult.txt",
			);
			runOnlyForDeploymentPostprocessing = 0;
			shellPath = /bin/sh;
			shellScript = "diff \"${PODS_PODFILE_DIR_PATH}/Podfile.lock\" \"${PODS_ROOT}/Manifest.lock\" > /dev/null\nif [ $? != 0 ] ; then\n    # print error to STDERR\n    echo \"error: The sandbox is not in sync with the Podfile.lock. Run 'pod install' or update your CocoaPods installation.\" >&2\n    exit 1\nfi\n# This output is used by Xcode 'outputs' to avoid re-running this script phase.\necho \"SUCCESS\" > \"${SCRIPT_OUTPUT_FILE_0}\"\n";
			showEnvVarsInLog = 0;
		};
/* End PBXShellScriptBuildPhase section */

/* Begin PBXSourcesBuildPhase section */
		1A8D467E2878E91800489744 /* Sources */ = {
			isa = PBXSourcesBuildPhase;
			buildActionMask = 2147483647;
			files = (
				1A40F7E9288601B700BBAD4F /* LoginViewController.m in Sources */,
				1AFCB4C9288B5D8F00E4187E /* DateFormatHelper.m in Sources */,
				1A42BB222888A0C2003ACC4D /* CategoryModalViewController.m in Sources */,
				1A42BB1F28889FA9003ACC4D /* CategoryCell.m in Sources */,
				1A8DC3392891DC5C00123E1F /* ShareModalViewController.m in Sources */,
				1AFCB4C6288A173F00E4187E /* ModifyTaskModalViewController.m in Sources */,
				1A8D46BE287C88BB00489744 /* TaskObject.m in Sources */,
				1A9665302889CB36008C83B5 /* DueDateModalViewController.m in Sources */,
				1A8D46872878E91800489744 /* AppDelegate.m in Sources */,
				1A1F54FF289088F50007AF5D /* DetectableKeywords.m in Sources */,
				1A8D46C7287CC9B200489744 /* ToDoFeedViewController.m in Sources */,
				1A8D46C4287CC95F00489744 /* TaskCell.m in Sources */,
				1A5AAE662888AB9B0080FB4A /* CategoryObject.m in Sources */,
				1A8D46982878E91800489744 /* main.m in Sources */,
				1A8DC3362891DBAE00123E1F /* UserCell.m in Sources */,
				1A8D468A2878E91800489744 /* SceneDelegate.m in Sources */,
			);
			runOnlyForDeploymentPostprocessing = 0;
		};
		1A8D46992878E91900489744 /* Sources */ = {
			isa = PBXSourcesBuildPhase;
			buildActionMask = 2147483647;
			files = (
				1A8D46A22878E91900489744 /* CentralityiOSTests.m in Sources */,
			);
			runOnlyForDeploymentPostprocessing = 0;
		};
		1A8D46A32878E91900489744 /* Sources */ = {
			isa = PBXSourcesBuildPhase;
			buildActionMask = 2147483647;
			files = (
				1A8D46AC2878E91900489744 /* CentralityiOSUITests.m in Sources */,
				1A8D46AE2878E91900489744 /* CentralityiOSUITestsLaunchTests.m in Sources */,
			);
			runOnlyForDeploymentPostprocessing = 0;
		};
/* End PBXSourcesBuildPhase section */

/* Begin PBXTargetDependency section */
		1A8D469F2878E91900489744 /* PBXTargetDependency */ = {
			isa = PBXTargetDependency;
			target = 1A8D46812878E91800489744 /* CentralityiOS */;
			targetProxy = 1A8D469E2878E91900489744 /* PBXContainerItemProxy */;
		};
		1A8D46A92878E91900489744 /* PBXTargetDependency */ = {
			isa = PBXTargetDependency;
			target = 1A8D46812878E91800489744 /* CentralityiOS */;
			targetProxy = 1A8D46A82878E91900489744 /* PBXContainerItemProxy */;
		};
/* End PBXTargetDependency section */

/* Begin PBXVariantGroup section */
		1A8D468E2878E91800489744 /* Main.storyboard */ = {
			isa = PBXVariantGroup;
			children = (
				1A8D468F2878E91800489744 /* Base */,
			);
			name = Main.storyboard;
			sourceTree = "<group>";
		};
		1A8D46932878E91800489744 /* LaunchScreen.storyboard */ = {
			isa = PBXVariantGroup;
			children = (
				1A8D46942878E91800489744 /* Base */,
			);
			name = LaunchScreen.storyboard;
			sourceTree = "<group>";
		};
/* End PBXVariantGroup section */

/* Begin XCBuildConfiguration section */
		1A8D46AF2878E91900489744 /* Debug */ = {
			isa = XCBuildConfiguration;
			buildSettings = {
				ALWAYS_SEARCH_USER_PATHS = NO;
				CLANG_ANALYZER_NONNULL = YES;
				CLANG_ANALYZER_NUMBER_OBJECT_CONVERSION = YES_AGGRESSIVE;
				CLANG_CXX_LANGUAGE_STANDARD = "gnu++17";
				CLANG_ENABLE_MODULES = YES;
				CLANG_ENABLE_OBJC_ARC = YES;
				CLANG_ENABLE_OBJC_WEAK = YES;
				CLANG_WARN_BLOCK_CAPTURE_AUTORELEASING = YES;
				CLANG_WARN_BOOL_CONVERSION = YES;
				CLANG_WARN_COMMA = YES;
				CLANG_WARN_CONSTANT_CONVERSION = YES;
				CLANG_WARN_DEPRECATED_OBJC_IMPLEMENTATIONS = YES;
				CLANG_WARN_DIRECT_OBJC_ISA_USAGE = YES_ERROR;
				CLANG_WARN_DOCUMENTATION_COMMENTS = YES;
				CLANG_WARN_EMPTY_BODY = YES;
				CLANG_WARN_ENUM_CONVERSION = YES;
				CLANG_WARN_INFINITE_RECURSION = YES;
				CLANG_WARN_INT_CONVERSION = YES;
				CLANG_WARN_NON_LITERAL_NULL_CONVERSION = YES;
				CLANG_WARN_OBJC_IMPLICIT_RETAIN_SELF = YES;
				CLANG_WARN_OBJC_LITERAL_CONVERSION = YES;
				CLANG_WARN_OBJC_ROOT_CLASS = YES_ERROR;
				CLANG_WARN_QUOTED_INCLUDE_IN_FRAMEWORK_HEADER = YES;
				CLANG_WARN_RANGE_LOOP_ANALYSIS = YES;
				CLANG_WARN_STRICT_PROTOTYPES = YES;
				CLANG_WARN_SUSPICIOUS_MOVE = YES;
				CLANG_WARN_UNGUARDED_AVAILABILITY = YES_AGGRESSIVE;
				CLANG_WARN_UNREACHABLE_CODE = YES;
				CLANG_WARN__DUPLICATE_METHOD_MATCH = YES;
				COPY_PHASE_STRIP = NO;
				DEBUG_INFORMATION_FORMAT = dwarf;
				ENABLE_STRICT_OBJC_MSGSEND = YES;
				ENABLE_TESTABILITY = YES;
				GCC_C_LANGUAGE_STANDARD = gnu11;
				GCC_DYNAMIC_NO_PIC = NO;
				GCC_NO_COMMON_BLOCKS = YES;
				GCC_OPTIMIZATION_LEVEL = 0;
				GCC_PREPROCESSOR_DEFINITIONS = (
					"DEBUG=1",
					"$(inherited)",
				);
				GCC_WARN_64_TO_32_BIT_CONVERSION = YES;
				GCC_WARN_ABOUT_RETURN_TYPE = YES_ERROR;
				GCC_WARN_UNDECLARED_SELECTOR = YES;
				GCC_WARN_UNINITIALIZED_AUTOS = YES_AGGRESSIVE;
				GCC_WARN_UNUSED_FUNCTION = YES;
				GCC_WARN_UNUSED_VARIABLE = YES;
				IPHONEOS_DEPLOYMENT_TARGET = 15.5;
				MTL_ENABLE_DEBUG_INFO = INCLUDE_SOURCE;
				MTL_FAST_MATH = YES;
				ONLY_ACTIVE_ARCH = YES;
				SDKROOT = iphoneos;
			};
			name = Debug;
		};
		1A8D46B02878E91900489744 /* Release */ = {
			isa = XCBuildConfiguration;
			buildSettings = {
				ALWAYS_SEARCH_USER_PATHS = NO;
				CLANG_ANALYZER_NONNULL = YES;
				CLANG_ANALYZER_NUMBER_OBJECT_CONVERSION = YES_AGGRESSIVE;
				CLANG_CXX_LANGUAGE_STANDARD = "gnu++17";
				CLANG_ENABLE_MODULES = YES;
				CLANG_ENABLE_OBJC_ARC = YES;
				CLANG_ENABLE_OBJC_WEAK = YES;
				CLANG_WARN_BLOCK_CAPTURE_AUTORELEASING = YES;
				CLANG_WARN_BOOL_CONVERSION = YES;
				CLANG_WARN_COMMA = YES;
				CLANG_WARN_CONSTANT_CONVERSION = YES;
				CLANG_WARN_DEPRECATED_OBJC_IMPLEMENTATIONS = YES;
				CLANG_WARN_DIRECT_OBJC_ISA_USAGE = YES_ERROR;
				CLANG_WARN_DOCUMENTATION_COMMENTS = YES;
				CLANG_WARN_EMPTY_BODY = YES;
				CLANG_WARN_ENUM_CONVERSION = YES;
				CLANG_WARN_INFINITE_RECURSION = YES;
				CLANG_WARN_INT_CONVERSION = YES;
				CLANG_WARN_NON_LITERAL_NULL_CONVERSION = YES;
				CLANG_WARN_OBJC_IMPLICIT_RETAIN_SELF = YES;
				CLANG_WARN_OBJC_LITERAL_CONVERSION = YES;
				CLANG_WARN_OBJC_ROOT_CLASS = YES_ERROR;
				CLANG_WARN_QUOTED_INCLUDE_IN_FRAMEWORK_HEADER = YES;
				CLANG_WARN_RANGE_LOOP_ANALYSIS = YES;
				CLANG_WARN_STRICT_PROTOTYPES = YES;
				CLANG_WARN_SUSPICIOUS_MOVE = YES;
				CLANG_WARN_UNGUARDED_AVAILABILITY = YES_AGGRESSIVE;
				CLANG_WARN_UNREACHABLE_CODE = YES;
				CLANG_WARN__DUPLICATE_METHOD_MATCH = YES;
				COPY_PHASE_STRIP = NO;
				DEBUG_INFORMATION_FORMAT = "dwarf-with-dsym";
				ENABLE_NS_ASSERTIONS = NO;
				ENABLE_STRICT_OBJC_MSGSEND = YES;
				GCC_C_LANGUAGE_STANDARD = gnu11;
				GCC_NO_COMMON_BLOCKS = YES;
				GCC_WARN_64_TO_32_BIT_CONVERSION = YES;
				GCC_WARN_ABOUT_RETURN_TYPE = YES_ERROR;
				GCC_WARN_UNDECLARED_SELECTOR = YES;
				GCC_WARN_UNINITIALIZED_AUTOS = YES_AGGRESSIVE;
				GCC_WARN_UNUSED_FUNCTION = YES;
				GCC_WARN_UNUSED_VARIABLE = YES;
				IPHONEOS_DEPLOYMENT_TARGET = 15.5;
				MTL_ENABLE_DEBUG_INFO = NO;
				MTL_FAST_MATH = YES;
				SDKROOT = iphoneos;
				VALIDATE_PRODUCT = YES;
			};
			name = Release;
		};
		1A8D46B22878E91900489744 /* Debug */ = {
			isa = XCBuildConfiguration;
			baseConfigurationReference = 815F3E16A7414E273BC00AE1 /* Pods-CentralityiOS.debug.xcconfig */;
			buildSettings = {
				ASSETCATALOG_COMPILER_APPICON_NAME = AppIcon;
				ASSETCATALOG_COMPILER_GLOBAL_ACCENT_COLOR_NAME = AccentColor;
				CODE_SIGN_STYLE = Automatic;
				CURRENT_PROJECT_VERSION = 1;
				DEVELOPMENT_TEAM = 9SSZQWY7PM;
				GENERATE_INFOPLIST_FILE = YES;
				INFOPLIST_FILE = CentralityiOS/Info.plist;
				INFOPLIST_KEY_UIApplicationSupportsIndirectInputEvents = YES;
				INFOPLIST_KEY_UILaunchStoryboardName = LaunchScreen;
				INFOPLIST_KEY_UIMainStoryboardFile = Main;
				INFOPLIST_KEY_UISupportedInterfaceOrientations_iPad = "UIInterfaceOrientationPortrait UIInterfaceOrientationPortraitUpsideDown UIInterfaceOrientationLandscapeLeft UIInterfaceOrientationLandscapeRight";
				INFOPLIST_KEY_UISupportedInterfaceOrientations_iPhone = "UIInterfaceOrientationPortrait UIInterfaceOrientationLandscapeLeft UIInterfaceOrientationLandscapeRight";
				LD_RUNPATH_SEARCH_PATHS = (
					"$(inherited)",
					"@executable_path/Frameworks",
				);
				MARKETING_VERSION = 1.0;
				PRODUCT_BUNDLE_IDENTIFIER = com.centrality.CentralityiOS;
				PRODUCT_NAME = "$(TARGET_NAME)";
				SWIFT_EMIT_LOC_STRINGS = YES;
				TARGETED_DEVICE_FAMILY = "1,2";
			};
			name = Debug;
		};
		1A8D46B32878E91900489744 /* Release */ = {
			isa = XCBuildConfiguration;
			baseConfigurationReference = 1E1D11AFD2CAEFE0731C32FB /* Pods-CentralityiOS.release.xcconfig */;
			buildSettings = {
				ASSETCATALOG_COMPILER_APPICON_NAME = AppIcon;
				ASSETCATALOG_COMPILER_GLOBAL_ACCENT_COLOR_NAME = AccentColor;
				CODE_SIGN_STYLE = Automatic;
				CURRENT_PROJECT_VERSION = 1;
				DEVELOPMENT_TEAM = 9SSZQWY7PM;
				GENERATE_INFOPLIST_FILE = YES;
				INFOPLIST_FILE = CentralityiOS/Info.plist;
				INFOPLIST_KEY_UIApplicationSupportsIndirectInputEvents = YES;
				INFOPLIST_KEY_UILaunchStoryboardName = LaunchScreen;
				INFOPLIST_KEY_UIMainStoryboardFile = Main;
				INFOPLIST_KEY_UISupportedInterfaceOrientations_iPad = "UIInterfaceOrientationPortrait UIInterfaceOrientationPortraitUpsideDown UIInterfaceOrientationLandscapeLeft UIInterfaceOrientationLandscapeRight";
				INFOPLIST_KEY_UISupportedInterfaceOrientations_iPhone = "UIInterfaceOrientationPortrait UIInterfaceOrientationLandscapeLeft UIInterfaceOrientationLandscapeRight";
				LD_RUNPATH_SEARCH_PATHS = (
					"$(inherited)",
					"@executable_path/Frameworks",
				);
				MARKETING_VERSION = 1.0;
				PRODUCT_BUNDLE_IDENTIFIER = com.centrality.CentralityiOS;
				PRODUCT_NAME = "$(TARGET_NAME)";
				SWIFT_EMIT_LOC_STRINGS = YES;
				TARGETED_DEVICE_FAMILY = "1,2";
			};
			name = Release;
		};
		1A8D46B52878E91900489744 /* Debug */ = {
			isa = XCBuildConfiguration;
			baseConfigurationReference = 2BE402B7C32C57514C40319B /* Pods-CentralityiOSTests.debug.xcconfig */;
			buildSettings = {
				BUNDLE_LOADER = "$(TEST_HOST)";
				CODE_SIGN_STYLE = Automatic;
				CURRENT_PROJECT_VERSION = 1;
				DEVELOPMENT_TEAM = 9SSZQWY7PM;
				GENERATE_INFOPLIST_FILE = YES;
				IPHONEOS_DEPLOYMENT_TARGET = 15.5;
				MARKETING_VERSION = 1.0;
				PRODUCT_BUNDLE_IDENTIFIER = com.centrality.CentralityiOSTests;
				PRODUCT_NAME = "$(TARGET_NAME)";
				SWIFT_EMIT_LOC_STRINGS = NO;
				TARGETED_DEVICE_FAMILY = "1,2";
				TEST_HOST = "$(BUILT_PRODUCTS_DIR)/CentralityiOS.app/CentralityiOS";
			};
			name = Debug;
		};
		1A8D46B62878E91900489744 /* Release */ = {
			isa = XCBuildConfiguration;
			baseConfigurationReference = ED8B5B6FF1224F7EFE7C407C /* Pods-CentralityiOSTests.release.xcconfig */;
			buildSettings = {
				BUNDLE_LOADER = "$(TEST_HOST)";
				CODE_SIGN_STYLE = Automatic;
				CURRENT_PROJECT_VERSION = 1;
				DEVELOPMENT_TEAM = 9SSZQWY7PM;
				GENERATE_INFOPLIST_FILE = YES;
				IPHONEOS_DEPLOYMENT_TARGET = 15.5;
				MARKETING_VERSION = 1.0;
				PRODUCT_BUNDLE_IDENTIFIER = com.centrality.CentralityiOSTests;
				PRODUCT_NAME = "$(TARGET_NAME)";
				SWIFT_EMIT_LOC_STRINGS = NO;
				TARGETED_DEVICE_FAMILY = "1,2";
				TEST_HOST = "$(BUILT_PRODUCTS_DIR)/CentralityiOS.app/CentralityiOS";
			};
			name = Release;
		};
		1A8D46B82878E91900489744 /* Debug */ = {
			isa = XCBuildConfiguration;
			baseConfigurationReference = C1498007115B99EE44E6E2DD /* Pods-CentralityiOS-CentralityiOSUITests.debug.xcconfig */;
			buildSettings = {
				CODE_SIGN_STYLE = Automatic;
				CURRENT_PROJECT_VERSION = 1;
				DEVELOPMENT_TEAM = 9SSZQWY7PM;
				GENERATE_INFOPLIST_FILE = YES;
				MARKETING_VERSION = 1.0;
				PRODUCT_BUNDLE_IDENTIFIER = com.centrality.CentralityiOSUITests;
				PRODUCT_NAME = "$(TARGET_NAME)";
				SWIFT_EMIT_LOC_STRINGS = NO;
				TARGETED_DEVICE_FAMILY = "1,2";
				TEST_TARGET_NAME = CentralityiOS;
			};
			name = Debug;
		};
		1A8D46B92878E91900489744 /* Release */ = {
			isa = XCBuildConfiguration;
			baseConfigurationReference = 3C25DB8CBDDC3A25EBFB90A0 /* Pods-CentralityiOS-CentralityiOSUITests.release.xcconfig */;
			buildSettings = {
				CODE_SIGN_STYLE = Automatic;
				CURRENT_PROJECT_VERSION = 1;
				DEVELOPMENT_TEAM = 9SSZQWY7PM;
				GENERATE_INFOPLIST_FILE = YES;
				MARKETING_VERSION = 1.0;
				PRODUCT_BUNDLE_IDENTIFIER = com.centrality.CentralityiOSUITests;
				PRODUCT_NAME = "$(TARGET_NAME)";
				SWIFT_EMIT_LOC_STRINGS = NO;
				TARGETED_DEVICE_FAMILY = "1,2";
				TEST_TARGET_NAME = CentralityiOS;
			};
			name = Release;
		};
/* End XCBuildConfiguration section */

/* Begin XCConfigurationList section */
		1A8D467D2878E91800489744 /* Build configuration list for PBXProject "CentralityiOS" */ = {
			isa = XCConfigurationList;
			buildConfigurations = (
				1A8D46AF2878E91900489744 /* Debug */,
				1A8D46B02878E91900489744 /* Release */,
			);
			defaultConfigurationIsVisible = 0;
			defaultConfigurationName = Release;
		};
		1A8D46B12878E91900489744 /* Build configuration list for PBXNativeTarget "CentralityiOS" */ = {
			isa = XCConfigurationList;
			buildConfigurations = (
				1A8D46B22878E91900489744 /* Debug */,
				1A8D46B32878E91900489744 /* Release */,
			);
			defaultConfigurationIsVisible = 0;
			defaultConfigurationName = Release;
		};
		1A8D46B42878E91900489744 /* Build configuration list for PBXNativeTarget "CentralityiOSTests" */ = {
			isa = XCConfigurationList;
			buildConfigurations = (
				1A8D46B52878E91900489744 /* Debug */,
				1A8D46B62878E91900489744 /* Release */,
			);
			defaultConfigurationIsVisible = 0;
			defaultConfigurationName = Release;
		};
		1A8D46B72878E91900489744 /* Build configuration list for PBXNativeTarget "CentralityiOSUITests" */ = {
			isa = XCConfigurationList;
			buildConfigurations = (
				1A8D46B82878E91900489744 /* Debug */,
				1A8D46B92878E91900489744 /* Release */,
			);
			defaultConfigurationIsVisible = 0;
			defaultConfigurationName = Release;
		};
/* End XCConfigurationList section */
	};
	rootObject = 1A8D467A2878E91800489744 /* Project object */;
}
